{
  "name": "@faumally/react",
  "version": "0.0.8",
  "lockfileVersion": 1,
  "requires": true,
  "dependencies": {
    "@types/prop-types": {
      "version": "15.7.3",
      "dev": true
    },
    "@types/react": {
      "version": "17.0.2",
      "dev": true,
      "requires": {
        "@types/prop-types": "*",
        "csstype": "^3.0.2"
      }
    },
    "@xstate/react": {
      "version": "1.2.2",
      "dev": true,
      "requires": {
        "use-isomorphic-layout-effect": "^1.0.0",
        "use-subscription": "^1.3.0"
      }
    },
    "csstype": {
      "version": "3.0.6",
      "resolved": "http://localhost:4873/csstype/-/csstype-3.0.6.tgz",
      "integrity": "sha512-+ZAmfyWMT7TiIlzdqJgjMb7S4f1beorDbWbsocyK4RaiqA5RTX3K14bnBWmmA9QEM0gRdsjyyrEmcyga8Zsxmw==",
      "dev": true
    },
    "faumally": {
      "version": "0.0.1",
      "resolved": "http://localhost:4873/faumally/-/faumally-0.0.1.tgz",
      "integrity": "sha512-ezc2qmZ0MXc0tRxYdOtYrgMSjh1b63053oJyJ9hh5TQi/U01cB7ApaMJFSUydGExUV51yRnUv0RwdeuMFGpMwQ==",
      "dev": true
    },
    "js-tokens": {
      "version": "4.0.0",
      "resolved": "http://localhost:4873/js-tokens/-/js-tokens-4.0.0.tgz",
      "integrity": "sha512-RdJUflcE3cUzKiMqQgsCu06FPu9UdIJO0beYbPhHN4k6apgJtifcoCtT9bcxOpYBtpD2kCM6Sbzg4CausW/PKQ==",
      "dev": true
    },
    "loose-envify": {
      "version": "1.4.0",
      "resolved": "http://localhost:4873/loose-envify/-/loose-envify-1.4.0.tgz",
      "integrity": "sha512-lyuxPGr/Wfhrlem2CL/UcnUc1zcqKAImBDzukY7Y5F/yQiNdko6+fRLevlw1HgMySw7f611UIY408EtxRSoK3Q==",
      "dev": true,
      "requires": {
        "js-tokens": "^3.0.0 || ^4.0.0"
      }
    },
    "object-assign": {
      "version": "4.1.1",
      "resolved": "http://localhost:4873/object-assign/-/object-assign-4.1.1.tgz",
      "integrity": "sha1-IQmtx5ZYh8/AXLvUQsrIv7s2CGM=",
      "dev": true
    },
    "react": {
      "version": "17.0.1",
      "dev": true,
      "requires": {
        "loose-envify": "^1.1.0",
        "object-assign": "^4.1.1"
      }
    },
    "use-isomorphic-layout-effect": {
      "version": "1.1.1",
      "resolved": "http://localhost:4873/use-isomorphic-layout-effect/-/use-isomorphic-layout-effect-1.1.1.tgz",
      "integrity": "sha512-L7Evj8FGcwo/wpbv/qvSfrkHFtOpCzvM5yl2KVyDJoylVuSvzphiiasmjgQPttIGBAy2WKiBNR98q8w7PiNgKQ==",
      "dev": true
    },
    "use-subscription": {
      "version": "1.5.1",
      "resolved": "http://localhost:4873/use-subscription/-/use-subscription-1.5.1.tgz",
      "integrity": "sha512-Xv2a1P/yReAjAbhylMfFplFKj9GssgTwN7RlcTxBujFQcloStWNDQdc4g4NRWH9xS4i/FDk04vQBptAXoF3VcA==",
      "dev": true,
      "requires": {
        "object-assign": "^4.1.1"
      }
    },
    "xstate": {
      "version": "4.16.2",
      "dev": true
    }
  }
}
